Microsoft Visual Studio Solution File, Format Version 12.00
# Visual Studio 14
VisualStudioVersion = 14.0.25420.1
MinimumVisualStudioVersion = 10.0.40219.1
Project("{FAE04EC0-301F-11D3-BF4B-00C04F79EFBC}") = "LeanCloud.LiveQuery", "LeanCloud.LiveQuery\LeanCloud.LiveQuery.csproj", "{F3EB1DA8-AFB0-4342-8524-1A9B091EB9C0}"
EndProject
Project("{2150E333-8FDC-42A3-9474-1A3956D46DE8}") = "Test", "Test", "{C48B1D8C-7745-4CAD-80FB-890ECFADA42E}"
EndProject
Project("{FAE04EC0-301F-11D3-BF4B-00C04F79EFBC}") = "LeanCloud.LiveQuery.UnitTest.NetFx45", "LeanCloud.LiveQuery.UnitTest.NetFx45\LeanCloud.LiveQuery.UnitTest.NetFx45.csproj", "{5962C742-05DD-4B25-B29A-F2911F00060F}"
EndProject
Project("{FAE04EC0-301F-11D3-BF4B-00C04F79EFBC}") = "LeanCloud.LiveQuery.Unity", "LeanCloud.LiveQuery.Unity\LeanCloud.LiveQuery.Unity.csproj", "{B44EA542-C112-421D-8035-1CE1D3CA61CC}"
EndProject
Global
	GlobalSection(SolutionConfigurationPlatforms) = preSolution
		Debug|Any CPU = Debug|Any CPU
		Release|Any CPU = Release|Any CPU
	EndGlobalSection
	GlobalSection(ProjectConfigurationPlatforms) = postSolution
		{F3EB1DA8-AFB0-4342-8524-1A9B091EB9C0}.Debug|Any CPU.ActiveCfg = Debug|Any CPU
		{F3EB1DA8-AFB0-4342-8524-1A9B091EB9C0}.Debug|Any CPU.Build.0 = Debug|Any CPU
		{F3EB1DA8-AFB0-4342-8524-1A9B091EB9C0}.Release|Any CPU.ActiveCfg = Release|Any CPU
		{F3EB1DA8-AFB0-4342-8524-1A9B091EB9C0}.Release|Any CPU.Build.0 = Release|Any CPU
		{5962C742-05DD-4B25-B29A-F2911F00060F}.Debug|Any CPU.ActiveCfg = Debug|Any CPU
		{5962C742-05DD-4B25-B29A-F2911F00060F}.Debug|Any CPU.Build.0 = Debug|Any CPU
		{5962C742-05DD-4B25-B29A-F2911F00060F}.Release|Any CPU.ActiveCfg = Release|Any CPU
		{5962C742-05DD-4B25-B29A-F2911F00060F}.Release|Any CPU.Build.0 = Release|Any CPU
		{B44EA542-C112-421D-8035-1CE1D3CA61CC}.Debug|Any CPU.ActiveCfg = Debug|Any CPU
		{B44EA542-C112-421D-8035-1CE1D3CA61CC}.Debug|Any CPU.Build.0 = Debug|Any CPU
		{B44EA542-C112-421D-8035-1CE1D3CA61CC}.Release|Any CPU.ActiveCfg = Release|Any CPU
		{B44EA542-C112-421D-8035-1CE1D3CA61CC}.Release|Any CPU.Build.0 = Release|Any CPU
	EndGlobalSection
	GlobalSection(SolutionProperties) = preSolution
		HideSolutionNode = FALSE
	EndGlobalSection
	GlobalSection(NestedProjects) = preSolution
		{5962C742-05DD-4B25-B29A-F2911F00060F} = {C48B1D8C-7745-4CAD-80FB-890ECFADA42E}
	EndGlobalSection
EndGlobal
