
Microsoft Visual Studio Solution File, Format Version 12.00
# Visual Studio 2012
Project("{FAE04EC0-301F-11D3-BF4B-00C04F79EFBC}") = "LeanCloud.LiveQuery", "LeanCloud.LiveQuery\LeanCloud.LiveQuery.csproj", "{F3EB1DA8-AFB0-4342-8524-1A9B091EB9C0}"
EndProject
Global
	GlobalSection(SolutionConfigurationPlatforms) = preSolution
		Debug|Any CPU = Debug|Any CPU
		Release|Any CPU = Release|Any CPU
	EndGlobalSection
	GlobalSection(ProjectConfigurationPlatforms) = postSolution
		{F3EB1DA8-AFB0-4342-8524-1A9B091EB9C0}.Debug|Any CPU.ActiveCfg = Debug|Any CPU
		{F3EB1DA8-AFB0-4342-8524-1A9B091EB9C0}.Debug|Any CPU.Build.0 = Debug|Any CPU
		{F3EB1DA8-AFB0-4342-8524-1A9B091EB9C0}.Release|Any CPU.ActiveCfg = Release|Any CPU
		{F3EB1DA8-AFB0-4342-8524-1A9B091EB9C0}.Release|Any CPU.Build.0 = Release|Any CPU
	EndGlobalSection
EndGlobal
